
Microsoft Visual Studio Solution File, Format Version 12.00
# Visual Studio Version 17
VisualStudioVersion = 17.1.32210.238
MinimumVisualStudioVersion = 10.0.40219.1
Project("{FAE04EC0-301F-11D3-BF4B-00C04F79EFBC}") = "ModernFormUI", "ModernFormUI\ModernFormUI.csproj", "{355FE96A-AABC-4F9D-8945-2D2BB73C2E46}"
EndProject
Global
	GlobalSection(SolutionConfigurationPlatforms) = preSolution
		Debug|Any CPU = Debug|Any CPU
		Release|Any CPU = Release|Any CPU
	EndGlobalSection
	GlobalSection(ProjectConfigurationPlatforms) = postSolution
		{355FE96A-AABC-4F9D-8945-2D2BB73C2E46}.Debug|Any CPU.ActiveCfg = Debug|Any CPU
		{355FE96A-AABC-4F9D-8945-2D2BB73C2E46}.Debug|Any CPU.Build.0 = Debug|Any CPU
		{355FE96A-AABC-4F9D-8945-2D2BB73C2E46}.Release|Any CPU.ActiveCfg = Release|Any CPU
		{355FE96A-AABC-4F9D-8945-2D2BB73C2E46}.Release|Any CPU.Build.0 = Release|Any CPU
	EndGlobalSection
	GlobalSection(SolutionProperties) = preSolution
		HideSolutionNode = FALSE
	EndGlobalSection
	GlobalSection(ExtensibilityGlobals) = postSolution
		SolutionGuid = {1452EF09-315C-4E27-A23F-3132EA841BCF}
	EndGlobalSection
EndGlobal
